// !$*UTF8*$!
{
	archiveVersion = 1;
	classes = {
	};
	objectVersion = 50;
	objects = {

/* Begin PBXBuildFile section */
		3DC561D328A699AA00B3F519 /* AppDelegate.swift in Sources */ = {isa = PBXBuildFile; fileRef = 3DC561D228A699AA00B3F519 /* AppDelegate.swift */; };
		3DC561D528A699AA00B3F519 /* ViewController.swift in Sources */ = {isa = PBXBuildFile; fileRef = 3DC561D428A699AA00B3F519 /* ViewController.swift */; };
		3DC561D828A699AA00B3F519 /* Main.storyboard in Resources */ = {isa = PBXBuildFile; fileRef = 3DC561D628A699AA00B3F519 /* Main.storyboard */; };
		3DC561DA28A699AC00B3F519 /* Assets.xcassets in Resources */ = {isa = PBXBuildFile; fileRef = 3DC561D928A699AC00B3F519 /* Assets.xcassets */; };
		3DC561DD28A699AC00B3F519 /* LaunchScreen.storyboard in Resources */ = {isa = PBXBuildFile; fileRef = 3DC561DB28A699AC00B3F519 /* LaunchScreen.storyboard */; };
		3DC561E828A699AD00B3F519 /* ControlesUITests.swift in Sources */ = {isa = PBXBuildFile; fileRef = 3DC561E728A699AD00B3F519 /* ControlesUITests.swift */; };
		3DC561F328A699AD00B3F519 /* ControlesUIUITests.swift in Sources */ = {isa = PBXBuildFile; fileRef = 3DC561F228A699AD00B3F519 /* ControlesUIUITests.swift */; };
/* End PBXBuildFile section */

/* Begin PBXContainerItemProxy section */
		3DC561E428A699AD00B3F519 /* PBXContainerItemProxy */ = {
			isa = PBXContainerItemProxy;
			containerPortal = 3DC561C728A699AA00B3F519 /* Project object */;
			proxyType = 1;
			remoteGlobalIDString = 3DC561CE28A699AA00B3F519;
			remoteInfo = ControlesUI;
		};
		3DC561EF28A699AD00B3F519 /* PBXContainerItemProxy */ = {
			isa = PBXContainerItemProxy;
			containerPortal = 3DC561C728A699AA00B3F519 /* Project object */;
			proxyType = 1;
			remoteGlobalIDString = 3DC561CE28A699AA00B3F519;
			remoteInfo = ControlesUI;
		};
/* End PBXContainerItemProxy section */

/* Begin PBXFileReference section */
		3DC561CF28A699AA00B3F519 /* ControlesUI.app */ = {isa = PBXFileReference; explicitFileType = wrapper.application; includeInIndex = 0; path = ControlesUI.app; sourceTree = BUILT_PRODUCTS_DIR; };
		3DC561D228A699AA00B3F519 /* AppDelegate.swift */ = {isa = PBXFileReference; lastKnownFileType = sourcecode.swift; path = AppDelegate.swift; sourceTree = "<group>"; };
		3DC561D428A699AA00B3F519 /* ViewController.swift */ = {isa = PBXFileReference; lastKnownFileType = sourcecode.swift; path = ViewController.swift; sourceTree = "<group>"; };
		3DC561D728A699AA00B3F519 /* Base */ = {isa = PBXFileReference; lastKnownFileType = file.storyboard; name = Base; path = Base.lproj/Main.storyboard; sourceTree = "<group>"; };
		3DC561D928A699AC00B3F519 /* Assets.xcassets */ = {isa = PBXFileReference; lastKnownFileType = folder.assetcatalog; path = Assets.xcassets; sourceTree = "<group>"; };
		3DC561DC28A699AC00B3F519 /* Base */ = {isa = PBXFileReference; lastKnownFileType = file.storyboard; name = Base; path = Base.lproj/LaunchScreen.storyboard; sourceTree = "<group>"; };
		3DC561DE28A699AC00B3F519 /* Info.plist */ = {isa = PBXFileReference; lastKnownFileType = text.plist.xml; path = Info.plist; sourceTree = "<group>"; };
		3DC561E328A699AD00B3F519 /* ControlesUITests.xctest */ = {isa = PBXFileReference; explicitFileType = wrapper.cfbundle; includeInIndex = 0; path = ControlesUITests.xctest; sourceTree = BUILT_PRODUCTS_DIR; };
		3DC561E728A699AD00B3F519 /* ControlesUITests.swift */ = {isa = PBXFileReference; lastKnownFileType = sourcecode.swift; path = ControlesUITests.swift; sourceTree = "<group>"; };
		3DC561E928A699AD00B3F519 /* Info.plist */ = {isa = PBXFileReference; lastKnownFileType = text.plist.xml; path = Info.plist; sourceTree = "<group>"; };
		3DC561EE28A699AD00B3F519 /* ControlesUIUITests.xctest */ = {isa = PBXFileReference; explicitFileType = wrapper.cfbundle; includeInIndex = 0; path = ControlesUIUITests.xctest; sourceTree = BUILT_PRODUCTS_DIR; };
		3DC561F228A699AD00B3F519 /* ControlesUIUITests.swift */ = {isa = PBXFileReference; lastKnownFileType = sourcecode.swift; path = ControlesUIUITests.swift; sourceTree = "<group>"; };
		3DC561F428A699AD00B3F519 /* Info.plist */ = {isa = PBXFileReference; lastKnownFileType = text.plist.xml; path = Info.plist; sourceTree = "<group>"; };
/* End PBXFileReference section */

/* Begin PBXFrameworksBuildPhase section */
		3DC561CC28A699AA00B3F519 /* Frameworks */ = {
			isa = PBXFrameworksBuildPhase;
			buildActionMask = 2147483647;
			files = (
			);
			runOnlyForDeploymentPostprocessing = 0;
		};
		3DC561E028A699AD00B3F519 /* Frameworks */ = {
			isa = PBXFrameworksBuildPhase;
			buildActionMask = 2147483647;
			files = (
			);
			runOnlyForDeploymentPostprocessing = 0;
		};
		3DC561EB28A699AD00B3F519 /* Frameworks */ = {
			isa = PBXFrameworksBuildPhase;
			buildActionMask = 2147483647;
			files = (
			);
			runOnlyForDeploymentPostprocessing = 0;
		};
/* End PBXFrameworksBuildPhase section */

/* Begin PBXGroup section */
		3DC561C628A699AA00B3F519 = {
			isa = PBXGroup;
			children = (
				3DC561D128A699AA00B3F519 /* ControlesUI */,
				3DC561E628A699AD00B3F519 /* ControlesUITests */,
				3DC561F128A699AD00B3F519 /* ControlesUIUITests */,
				3DC561D028A699AA00B3F519 /* Products */,
			);
			sourceTree = "<group>";
		};
		3DC561D028A699AA00B3F519 /* Products */ = {
			isa = PBXGroup;
			children = (
				3DC561CF28A699AA00B3F519 /* ControlesUI.app */,
				3DC561E328A699AD00B3F519 /* ControlesUITests.xctest */,
				3DC561EE28A699AD00B3F519 /* ControlesUIUITests.xctest */,
			);
			name = Products;
			sourceTree = "<group>";
		};
		3DC561D128A699AA00B3F519 /* ControlesUI */ = {
			isa = PBXGroup;
			children = (
				3DC561D228A699AA00B3F519 /* AppDelegate.swift */,
				3DC561D428A699AA00B3F519 /* ViewController.swift */,
				3DC561D628A699AA00B3F519 /* Main.storyboard */,
				3DC561D928A699AC00B3F519 /* Assets.xcassets */,
				3DC561DB28A699AC00B3F519 /* LaunchScreen.storyboard */,
				3DC561DE28A699AC00B3F519 /* Info.plist */,
			);
			path = ControlesUI;
			sourceTree = "<group>";
		};
		3DC561E628A699AD00B3F519 /* ControlesUITests */ = {
			isa = PBXGroup;
			children = (
				3DC561E728A699AD00B3F519 /* ControlesUITests.swift */,
				3DC561E928A699AD00B3F519 /* Info.plist */,
			);
			path = ControlesUITests;
			sourceTree = "<group>";
		};
		3DC561F128A699AD00B3F519 /* ControlesUIUITests */ = {
			isa = PBXGroup;
			children = (
				3DC561F228A699AD00B3F519 /* ControlesUIUITests.swift */,
				3DC561F428A699AD00B3F519 /* Info.plist */,
			);
			path = ControlesUIUITests;
			sourceTree = "<group>";
		};
/* End PBXGroup section */

/* Begin PBXNativeTarget section */
		3DC561CE28A699AA00B3F519 /* ControlesUI */ = {
			isa = PBXNativeTarget;
			buildConfigurationList = 3DC561F728A699AD00B3F519 /* Build configuration list for PBXNativeTarget "ControlesUI" */;
			buildPhases = (
				3DC561CB28A699AA00B3F519 /* Sources */,
				3DC561CC28A699AA00B3F519 /* Frameworks */,
				3DC561CD28A699AA00B3F519 /* Resources */,
			);
			buildRules = (
			);
			dependencies = (
			);
			name = ControlesUI;
			productName = ControlesUI;
			productReference = 3DC561CF28A699AA00B3F519 /* ControlesUI.app */;
			productType = "com.apple.product-type.application";
		};
		3DC561E228A699AD00B3F519 /* ControlesUITests */ = {
			isa = PBXNativeTarget;
			buildConfigurationList = 3DC561FA28A699AD00B3F519 /* Build configuration list for PBXNativeTarget "ControlesUITests" */;
			buildPhases = (
				3DC561DF28A699AD00B3F519 /* Sources */,
				3DC561E028A699AD00B3F519 /* Frameworks */,
				3DC561E128A699AD00B3F519 /* Resources */,
			);
			buildRules = (
			);
			dependencies = (
				3DC561E528A699AD00B3F519 /* PBXTargetDependency */,
			);
			name = ControlesUITests;
			productName = ControlesUITests;
			productReference = 3DC561E328A699AD00B3F519 /* ControlesUITests.xctest */;
			productType = "com.apple.product-type.bundle.unit-test";
		};
		3DC561ED28A699AD00B3F519 /* ControlesUIUITests */ = {
			isa = PBXNativeTarget;
			buildConfigurationList = 3DC561FD28A699AD00B3F519 /* Build configuration list for PBXNativeTarget "ControlesUIUITests" */;
			buildPhases = (
				3DC561EA28A699AD00B3F519 /* Sources */,
				3DC561EB28A699AD00B3F519 /* Frameworks */,
				3DC561EC28A699AD00B3F519 /* Resources */,
			);
			buildRules = (
			);
			dependencies = (
				3DC561F028A699AD00B3F519 /* PBXTargetDependency */,
			);
			name = ControlesUIUITests;
			productName = ControlesUIUITests;
			productReference = 3DC561EE28A699AD00B3F519 /* ControlesUIUITests.xctest */;
			productType = "com.apple.product-type.bundle.ui-testing";
		};
/* End PBXNativeTarget section */

/* Begin PBXProject section */
		3DC561C728A699AA00B3F519 /* Project object */ = {
			isa = PBXProject;
			attributes = {
				LastSwiftUpdateCheck = 0940;
				LastUpgradeCheck = 0940;
				ORGANIZATIONNAME = Alumno;
				TargetAttributes = {
					3DC561CE28A699AA00B3F519 = {
						CreatedOnToolsVersion = 9.4.1;
					};
					3DC561E228A699AD00B3F519 = {
						CreatedOnToolsVersion = 9.4.1;
						TestTargetID = 3DC561CE28A699AA00B3F519;
					};
					3DC561ED28A699AD00B3F519 = {
						CreatedOnToolsVersion = 9.4.1;
						TestTargetID = 3DC561CE28A699AA00B3F519;
					};
				};
			};
			buildConfigurationList = 3DC561CA28A699AA00B3F519 /* Build configuration list for PBXProject "ControlesUI" */;
			compatibilityVersion = "Xcode 9.3";
			developmentRegion = en;
			hasScannedForEncodings = 0;
			knownRegions = (
				en,
				Base,
			);
			mainGroup = 3DC561C628A699AA00B3F519;
			productRefGroup = 3DC561D028A699AA00B3F519 /* Products */;
			projectDirPath = "";
			projectRoot = "";
			targets = (
				3DC561CE28A699AA00B3F519 /* ControlesUI */,
				3DC561E228A699AD00B3F519 /* ControlesUITests */,
				3DC561ED28A699AD00B3F519 /* ControlesUIUITests */,
			);
		};
/* End PBXProject section */

/* Begin PBXResourcesBuildPhase section */
		3DC561CD28A699AA00B3F519 /* Resources */ = {
			isa = PBXResourcesBuildPhase;
			buildActionMask = 2147483647;
			files = (
				3DC561DD28A699AC00B3F519 /* LaunchScreen.storyboard in Resources */,
				3DC561DA28A699AC00B3F519 /* Assets.xcassets in Resources */,
				3DC561D828A699AA00B3F519 /* Main.storyboard in Resources */,
			);
			runOnlyForDeploymentPostprocessing = 0;
		};
		3DC561E128A699AD00B3F519 /* Resources */ = {
			isa = PBXResourcesBuildPhase;
			buildActionMask = 2147483647;
			files = (
			);
			runOnlyForDeploymentPostprocessing = 0;
		};
		3DC561EC28A699AD00B3F519 /* Resources */ = {
			isa = PBXResourcesBuildPhase;
			buildActionMask = 2147483647;
			files = (
			);
			runOnlyForDeploymentPostprocessing = 0;
		};
/* End PBXResourcesBuildPhase section */

/* Begin PBXSourcesBuildPhase section */
		3DC561CB28A699AA00B3F519 /* Sources */ = {
			isa = PBXSourcesBuildPhase;
			buildActionMask = 2147483647;
			files = (
				3DC561D528A699AA00B3F519 /* ViewController.swift in Sources */,
				3DC561D328A699AA00B3F519 /* AppDelegate.swift in Sources */,
			);
			runOnlyForDeploymentPostprocessing = 0;
		};
		3DC561DF28A699AD00B3F519 /* Sources */ = {
			isa = PBXSourcesBuildPhase;
			buildActionMask = 2147483647;
			files = (
				3DC561E828A699AD00B3F519 /* ControlesUITests.swift in Sources */,
			);
			runOnlyForDeploymentPostprocessing = 0;
		};
		3DC561EA28A699AD00B3F519 /* Sources */ = {
			isa = PBXSourcesBuildPhase;
			buildActionMask = 2147483647;
			files = (
				3DC561F328A699AD00B3F519 /* ControlesUIUITests.swift in Sources */,
			);
			runOnlyForDeploymentPostprocessing = 0;
		};
/* End PBXSourcesBuildPhase section */

/* Begin PBXTargetDependency section */
		3DC561E528A699AD00B3F519 /* PBXTargetDependency */ = {
			isa = PBXTargetDependency;
			target = 3DC561CE28A699AA00B3F519 /* ControlesUI */;
			targetProxy = 3DC561E428A699AD00B3F519 /* PBXContainerItemProxy */;
		};
		3DC561F028A699AD00B3F519 /* PBXTargetDependency */ = {
			isa = PBXTargetDependency;
			target = 3DC561CE28A699AA00B3F519 /* ControlesUI */;
			targetProxy = 3DC561EF28A699AD00B3F519 /* PBXContainerItemProxy */;
		};
/* End PBXTargetDependency section */

/* Begin PBXVariantGroup section */
		3DC561D628A699AA00B3F519 /* Main.storyboard */ = {
			isa = PBXVariantGroup;
			children = (
				3DC561D728A699AA00B3F519 /* Base */,
			);
			name = Main.storyboard;
			sourceTree = "<group>";
		};
		3DC561DB28A699AC00B3F519 /* LaunchScreen.storyboard */ = {
			isa = PBXVariantGroup;
			children = (
				3DC561DC28A699AC00B3F519 /* Base */,
			);
			name = LaunchScreen.storyboard;
			sourceTree = "<group>";
		};
/* End PBXVariantGroup section */

/* Begin XCBuildConfiguration section */
		3DC561F528A699AD00B3F519 /* Debug */ = {
			isa = XCBuildConfiguration;
			buildSettings = {
				ALWAYS_SEARCH_USER_PATHS = NO;
				CLANG_ANALYZER_NONNULL = YES;
				CLANG_ANALYZER_NUMBER_OBJECT_CONVERSION = YES_AGGRESSIVE;
				CLANG_CXX_LANGUAGE_STANDARD = "gnu++14";
				CLANG_CXX_LIBRARY = "libc++";
				CLANG_ENABLE_MODULES = YES;
				CLANG_ENABLE_OBJC_ARC = YES;
				CLANG_ENABLE_OBJC_WEAK = YES;
				CLANG_WARN_BLOCK_CAPTURE_AUTORELEASING = YES;
				CLANG_WARN_BOOL_CONVERSION = YES;
				CLANG_WARN_COMMA = YES;
				CLANG_WARN_CONSTANT_CONVERSION = YES;
				CLANG_WARN_DEPRECATED_OBJC_IMPLEMENTATIONS = YES;
				CLANG_WARN_DIRECT_OBJC_ISA_USAGE = YES_ERROR;
				CLANG_WARN_DOCUMENTATION_COMMENTS = YES;
				CLANG_WARN_EMPTY_BODY = YES;
				CLANG_WARN_ENUM_CONVERSION = YES;
				CLANG_WARN_INFINITE_RECURSION = YES;
				CLANG_WARN_INT_CONVERSION = YES;
				CLANG_WARN_NON_LITERAL_NULL_CONVERSION = YES;
				CLANG_WARN_OBJC_IMPLICIT_RETAIN_SELF = YES;
				CLANG_WARN_OBJC_LITERAL_CONVERSION = YES;
				CLANG_WARN_OBJC_ROOT_CLASS = YES_ERROR;
				CLANG_WARN_RANGE_LOOP_ANALYSIS = YES;
				CLANG_WARN_STRICT_PROTOTYPES = YES;
				CLANG_WARN_SUSPICIOUS_MOVE = YES;
				CLANG_WARN_UNGUARDED_AVAILABILITY = YES_AGGRESSIVE;
				CLANG_WARN_UNREACHABLE_CODE = YES;
				CLANG_WARN__DUPLICATE_METHOD_MATCH = YES;
				CODE_SIGN_IDENTITY = "iPhone Developer";
				COPY_PHASE_STRIP = NO;
				DEBUG_INFORMATION_FORMAT = dwarf;
				ENABLE_STRICT_OBJC_MSGSEND = YES;
				ENABLE_TESTABILITY = YES;
				GCC_C_LANGUAGE_STANDARD = gnu11;
				GCC_DYNAMIC_NO_PIC = NO;
				GCC_NO_COMMON_BLOCKS = YES;
				GCC_OPTIMIZATION_LEVEL = 0;
				GCC_PREPROCESSOR_DEFINITIONS = (
					"DEBUG=1",
					"$(inherited)",
				);
				GCC_WARN_64_TO_32_BIT_CONVERSION = YES;
				GCC_WARN_ABOUT_RETURN_TYPE = YES_ERROR;
				GCC_WARN_UNDECLARED_SELECTOR = YES;
				GCC_WARN_UNINITIALIZED_AUTOS = YES_AGGRESSIVE;
				GCC_WARN_UNUSED_FUNCTION = YES;
				GCC_WARN_UNUSED_VARIABLE = YES;
				IPHONEOS_DEPLOYMENT_TARGET = 11.4;
				MTL_ENABLE_DEBUG_INFO = YES;
				ONLY_ACTIVE_ARCH = YES;
				SDKROOT = iphoneos;
				SWIFT_ACTIVE_COMPILATION_CONDITIONS = DEBUG;
				SWIFT_OPTIMIZATION_LEVEL = "-Onone";
			};
			name = Debug;
		};
		3DC561F628A699AD00B3F519 /* Release */ = {
			isa = XCBuildConfiguration;
			buildSettings = {
				ALWAYS_SEARCH_USER_PATHS = NO;
				CLANG_ANALYZER_NONNULL = YES;
				CLANG_ANALYZER_NUMBER_OBJECT_CONVERSION = YES_AGGRESSIVE;
				CLANG_CXX_LANGUAGE_STANDARD = "gnu++14";
				CLANG_CXX_LIBRARY = "libc++";
				CLANG_ENABLE_MODULES = YES;
				CLANG_ENABLE_OBJC_ARC = YES;
				CLANG_ENABLE_OBJC_WEAK = YES;
				CLANG_WARN_BLOCK_CAPTURE_AUTORELEASING = YES;
				CLANG_WARN_BOOL_CONVERSION = YES;
				CLANG_WARN_COMMA = YES;
				CLANG_WARN_CONSTANT_CONVERSION = YES;
				CLANG_WARN_DEPRECATED_OBJC_IMPLEMENTATIONS = YES;
				CLANG_WARN_DIRECT_OBJC_ISA_USAGE = YES_ERROR;
				CLANG_WARN_DOCUMENTATION_COMMENTS = YES;
				CLANG_WARN_EMPTY_BODY = YES;
				CLANG_WARN_ENUM_CONVERSION = YES;
				CLANG_WARN_INFINITE_RECURSION = YES;
				CLANG_WARN_INT_CONVERSION = YES;
				CLANG_WARN_NON_LITERAL_NULL_CONVERSION = YES;
				CLANG_WARN_OBJC_IMPLICIT_RETAIN_SELF = YES;
				CLANG_WARN_OBJC_LITERAL_CONVERSION = YES;
				CLANG_WARN_OBJC_ROOT_CLASS = YES_ERROR;
				CLANG_WARN_RANGE_LOOP_ANALYSIS = YES;
				CLANG_WARN_STRICT_PROTOTYPES = YES;
				CLANG_WARN_SUSPICIOUS_MOVE = YES;
				CLANG_WARN_UNGUARDED_AVAILABILITY = YES_AGGRESSIVE;
				CLANG_WARN_UNREACHABLE_CODE = YES;
				CLANG_WARN__DUPLICATE_METHOD_MATCH = YES;
				CODE_SIGN_IDENTITY = "iPhone Developer";
				COPY_PHASE_STRIP = NO;
				DEBUG_INFORMATION_FORMAT = "dwarf-with-dsym";
				ENABLE_NS_ASSERTIONS = NO;
				ENABLE_STRICT_OBJC_MSGSEND = YES;
				GCC_C_LANGUAGE_STANDARD = gnu11;
				GCC_NO_COMMON_BLOCKS = YES;
				GCC_WARN_64_TO_32_BIT_CONVERSION = YES;
				GCC_WARN_ABOUT_RETURN_TYPE = YES_ERROR;
				GCC_WARN_UNDECLARED_SELECTOR = YES;
				GCC_WARN_UNINITIALIZED_AUTOS = YES_AGGRESSIVE;
				GCC_WARN_UNUSED_FUNCTION = YES;
				GCC_WARN_UNUSED_VARIABLE = YES;
				IPHONEOS_DEPLOYMENT_TARGET = 11.4;
				MTL_ENABLE_DEBUG_INFO = NO;
				SDKROOT = iphoneos;
				SWIFT_COMPILATION_MODE = wholemodule;
				SWIFT_OPTIMIZATION_LEVEL = "-O";
				VALIDATE_PRODUCT = YES;
			};
			name = Release;
		};
		3DC561F828A699AD00B3F519 /* Debug */ = {
			isa = XCBuildConfiguration;
			buildSettings = {
				ASSETCATALOG_COMPILER_APPICON_NAME = AppIcon;
				CODE_SIGN_STYLE = Automatic;
				INFOPLIST_FILE = ControlesUI/Info.plist;
				LD_RUNPATH_SEARCH_PATHS = (
					"$(inherited)",
					"@executable_path/Frameworks",
				);
				PRODUCT_BUNDLE_IDENTIFIER = edu.ulsa.ControlesUI;
				PRODUCT_NAME = "$(TARGET_NAME)";
				SWIFT_VERSION = 4.0;
				TARGETED_DEVICE_FAMILY = "1,2";
			};
			name = Debug;
		};
		3DC561F928A699AD00B3F519 /* Release */ = {
			isa = XCBuildConfiguration;
			buildSettings = {
				ASSETCATALOG_COMPILER_APPICON_NAME = AppIcon;
				CODE_SIGN_STYLE = Automatic;
				INFOPLIST_FILE = ControlesUI/Info.plist;
				LD_RUNPATH_SEARCH_PATHS = (
					"$(inherited)",
					"@executable_path/Frameworks",
				);
				PRODUCT_BUNDLE_IDENTIFIER = edu.ulsa.ControlesUI;
				PRODUCT_NAME = "$(TARGET_NAME)";
				SWIFT_VERSION = 4.0;
				TARGETED_DEVICE_FAMILY = "1,2";
			};
			name = Release;
		};
		3DC561FB28A699AD00B3F519 /* Debug */ = {
			isa = XCBuildConfiguration;
			buildSettings = {
				ALWAYS_EMBED_SWIFT_STANDARD_LIBRARIES = YES;
				BUNDLE_LOADER = "$(TEST_HOST)";
				CODE_SIGN_STYLE = Automatic;
				INFOPLIST_FILE = ControlesUITests/Info.plist;
				LD_RUNPATH_SEARCH_PATHS = (
					"$(inherited)",
					"@executable_path/Frameworks",
					"@loader_path/Frameworks",
				);
				PRODUCT_BUNDLE_IDENTIFIER = edu.ulsa.ControlesUITests;
				PRODUCT_NAME = "$(TARGET_NAME)";
				SWIFT_VERSION = 4.0;
				TARGETED_DEVICE_FAMILY = "1,2";
				TEST_HOST = "$(BUILT_PRODUCTS_DIR)/ControlesUI.app/ControlesUI";
			};
			name = Debug;
		};
		3DC561FC28A699AD00B3F519 /* Release */ = {
			isa = XCBuildConfiguration;
			buildSettings = {
				ALWAYS_EMBED_SWIFT_STANDARD_LIBRARIES = YES;
				BUNDLE_LOADER = "$(TEST_HOST)";
				CODE_SIGN_STYLE = Automatic;
				INFOPLIST_FILE = ControlesUITests/Info.plist;
				LD_RUNPATH_SEARCH_PATHS = (
					"$(inherited)",
					"@executable_path/Frameworks",
					"@loader_path/Frameworks",
				);
				PRODUCT_BUNDLE_IDENTIFIER = edu.ulsa.ControlesUITests;
				PRODUCT_NAME = "$(TARGET_NAME)";
				SWIFT_VERSION = 4.0;
				TARGETED_DEVICE_FAMILY = "1,2";
				TEST_HOST = "$(BUILT_PRODUCTS_DIR)/ControlesUI.app/ControlesUI";
			};
			name = Release;
		};
		3DC561FE28A699AD00B3F519 /* Debug */ = {
			isa = XCBuildConfiguration;
			buildSettings = {
				ALWAYS_EMBED_SWIFT_STANDARD_LIBRARIES = YES;
				CODE_SIGN_STYLE = Automatic;
				INFOPLIST_FILE = ControlesUIUITests/Info.plist;
				LD_RUNPATH_SEARCH_PATHS = (
					"$(inherited)",
					"@executable_path/Frameworks",
					"@loader_path/Frameworks",
				);
				PRODUCT_BUNDLE_IDENTIFIER = edu.ulsa.ControlesUIUITests;
				PRODUCT_NAME = "$(TARGET_NAME)";
				SWIFT_VERSION = 4.0;
				TARGETED_DEVICE_FAMILY = "1,2";
				TEST_TARGET_NAME = ControlesUI;
			};
			name = Debug;
		};
		3DC561FF28A699AD00B3F519 /* Release */ = {
			isa = XCBuildConfiguration;
			buildSettings = {
				ALWAYS_EMBED_SWIFT_STANDARD_LIBRARIES = YES;
				CODE_SIGN_STYLE = Automatic;
				INFOPLIST_FILE = ControlesUIUITests/Info.plist;
				LD_RUNPATH_SEARCH_PATHS = (
					"$(inherited)",
					"@executable_path/Frameworks",
					"@loader_path/Frameworks",
				);
				PRODUCT_BUNDLE_IDENTIFIER = edu.ulsa.ControlesUIUITests;
				PRODUCT_NAME = "$(TARGET_NAME)";
				SWIFT_VERSION = 4.0;
				TARGETED_DEVICE_FAMILY = "1,2";
				TEST_TARGET_NAME = ControlesUI;
			};
			name = Release;
		};
/* End XCBuildConfiguration section */

/* Begin XCConfigurationList section */
		3DC561CA28A699AA00B3F519 /* Build configuration list for PBXProject "ControlesUI" */ = {
			isa = XCConfigurationList;
			buildConfigurations = (
				3DC561F528A699AD00B3F519 /* Debug */,
				3DC561F628A699AD00B3F519 /* Release */,
			);
			defaultConfigurationIsVisible = 0;
			defaultConfigurationName = Release;
		};
		3DC561F728A699AD00B3F519 /* Build configuration list for PBXNativeTarget "ControlesUI" */ = {
			isa = XCConfigurationList;
			buildConfigurations = (
				3DC561F828A699AD00B3F519 /* Debug */,
				3DC561F928A699AD00B3F519 /* Release */,
			);
			defaultConfigurationIsVisible = 0;
			defaultConfigurationName = Release;
		};
		3DC561FA28A699AD00B3F519 /* Build configuration list for PBXNativeTarget "ControlesUITests" */ = {
			isa = XCConfigurationList;
			buildConfigurations = (
				3DC561FB28A699AD00B3F519 /* Debug */,
				3DC561FC28A699AD00B3F519 /* Release */,
			);
			defaultConfigurationIsVisible = 0;
			defaultConfigurationName = Release;
		};
		3DC561FD28A699AD00B3F519 /* Build configuration list for PBXNativeTarget "ControlesUIUITests" */ = {
			isa = XCConfigurationList;
			buildConfigurations = (
				3DC561FE28A699AD00B3F519 /* Debug */,
				3DC561FF28A699AD00B3F519 /* Release */,
			);
			defaultConfigurationIsVisible = 0;
			defaultConfigurationName = Release;
		};
/* End XCConfigurationList section */
	};
	rootObject = 3DC561C728A699AA00B3F519 /* Project object */;
}
